{
  "requires": true,
  "lockfileVersion": 1,
  "dependencies": {
    "live2d-widget-model-tororo": {
      "version": "1.0.5",
      "resolved": "https://registry.npmjs.org/live2d-widget-model-tororo/-/live2d-widget-model-tororo-1.0.5.tgz",
      "integrity": "sha512-qcDZnXyzmNM5NADDAWpknWMCqoip3CZ9bYrKKB0PqusnrUTK0e5k1jAl+RCos9Sbg9g1xzse50vmREwj1LiJ3w=="
    }
  }
}
